<?xml version="1.0" encoding="utf-8"?>
<Project ToolsVersion="4.0" xmlns="http://schemas.microsoft.com/developer/msbuild/2003">
  <ItemGroup>
    <Filter Include="资源文件">
      <UniqueIdentifier>{67DA6AB6-F800-4c08-8B7A-83BB121AAD01}</UniqueIdentifier>
      <Extensions>rc;ico;cur;bmp;dlg;rc2;rct;bin;rgs;gif;jpg;jpeg;jpe;resx;tiff;tif;png;wav;mfcribbon-ms</Extensions>
    </Filter>
    <Filter Include="国内证券">
      <UniqueIdentifier>{4e424ec7-217b-401d-915a-3d17689878ed}</UniqueIdentifier>
    </Filter>
    <Filter Include="国内证券\实时行情">
      <UniqueIdentifier>{5bd1c309-938c-4194-9da0-25cb16b4d159}</UniqueIdentifier>
    </Filter>
    <Filter Include="国内证券\历史行情">
      <UniqueIdentifier>{76fc39e8-2e52-4901-9311-68008254532d}</UniqueIdentifier>
    </Filter>
    <Filter Include="第三方">
      <UniqueIdentifier>{78a59246-32b2-4980-8a8a-ad402f95ffa6}</UniqueIdentifier>
    </Filter>
    <Filter Include="第三方\ZeroMQ">
      <UniqueIdentifier>{dfc247bf-ac93-47cc-9886-72455e639ff8}</UniqueIdentifier>
    </Filter>
    <Filter Include="第三方\DBF">
      <UniqueIdentifier>{47693aeb-ecc2-420c-b34a-2e4d4e0cf9b8}</UniqueIdentifier>
    </Filter>
    <Filter Include="界面">
      <UniqueIdentifier>{05edb991-93d8-4836-9589-5d867992f9d5}</UniqueIdentifier>
    </Filter>
  </ItemGroup>
  <ItemGroup>
    <ClInclude Include="QuotePub.h">
      <Filter>界面</Filter>
    </ClInclude>
    <ClInclude Include="QuotePubDlg.h">
      <Filter>界面</Filter>
    </ClInclude>
    <ClInclude Include="Resource.h">
      <Filter>界面</Filter>
    </ClInclude>
    <ClInclude Include="stdafx.h">
      <Filter>界面</Filter>
    </ClInclude>
    <ClInclude Include="targetver.h">
      <Filter>界面</Filter>
    </ClInclude>
    <ClInclude Include="zeromq\ZeroMQWrapper.h">
      <Filter>第三方\ZeroMQ</Filter>
    </ClInclude>
    <ClInclude Include="Quote.h">
      <Filter>国内证券\实时行情</Filter>
    </ClInclude>
  </ItemGroup>
  <ItemGroup>
    <ClCompile Include="QuotePub.cpp">
      <Filter>界面</Filter>
    </ClCompile>
    <ClCompile Include="QuotePubDlg.cpp">
      <Filter>界面</Filter>
    </ClCompile>
    <ClCompile Include="stdafx.cpp">
      <Filter>界面</Filter>
    </ClCompile>
    <ClCompile Include="import_lib.cpp">
      <Filter>第三方</Filter>
    </ClCompile>
    <ClCompile Include="zeromq\ZeroMQWrapper.cpp">
      <Filter>第三方\ZeroMQ</Filter>
    </ClCompile>
  </ItemGroup>
  <ItemGroup>
    <ResourceCompile Include="QuotePub.rc">
      <Filter>资源文件</Filter>
    </ResourceCompile>
  </ItemGroup>
  <ItemGroup>
    <None Include="res\QuotePub.rc2">
      <Filter>资源文件</Filter>
    </None>
  </ItemGroup>
  <ItemGroup>
    <Image Include="res\QuotePub.ico">
      <Filter>资源文件</Filter>
    </Image>
  </ItemGroup>
</Project>